
Microsoft Visual Studio Solution File, Format Version 12.00
Project("{2150E333-8FDC-42A3-9474-1A3956D46DE8}") = "MicroServices", "MicroServices", "{2B7438F5-D2A3-428F-966E-641701380054}"
EndProject
Project("{2150E333-8FDC-42A3-9474-1A3956D46DE8}") = "Domain", "Domain", "{D96EA907-BEF6-4F06-ADF3-6B4A450546AD}"
EndProject
Project("{2150E333-8FDC-42A3-9474-1A3956D46DE8}") = "Infra.Bus", "Infra.Bus", "{7A21AC18-9864-444A-A580-C92BEEDB11D8}"
EndProject
Project("{2150E333-8FDC-42A3-9474-1A3956D46DE8}") = "Infra.IoC", "Infra.IoC", "{A09D78C3-A316-4919-B46E-50F708784F53}"
EndProject
Project("{2150E333-8FDC-42A3-9474-1A3956D46DE8}") = "Presentation", "Presentation", "{7A05DF2D-DF38-49F1-BCAD-BB9862C403A9}"
EndProject
Project("{FAE04EC0-301F-11D3-BF4B-00C04F79EFBC}") = "MicroRabbit.Domain.Core", "MicroRabbit.Domain.Core\MicroRabbit.Domain.Core.csproj", "{3397790E-5D47-4827-BF6C-6DB38DB8CA8A}"
EndProject
Project("{FAE04EC0-301F-11D3-BF4B-00C04F79EFBC}") = "MicroRabbit.Infra.Bus", "MicroRabbit.Infra.Bus\MicroRabbit.Infra.Bus.csproj", "{DE16DC40-7703-42BB-B07E-EB89DB85E2B6}"
EndProject
Project("{FAE04EC0-301F-11D3-BF4B-00C04F79EFBC}") = "MicroRabbit.Infra.IoC", "MicroRabbit.Infra.IoC\MicroRabbit.Infra.IoC.csproj", "{44F26A30-2AA3-4B12-941C-FA39EC839520}"
EndProject
Project("{2150E333-8FDC-42A3-9474-1A3956D46DE8}") = "Banking", "Banking", "{4F33E024-9FDE-4E5C-9191-2FFE7B9A85A1}"
EndProject
Project("{2150E333-8FDC-42A3-9474-1A3956D46DE8}") = "Api", "Api", "{0DFB0C51-5CA0-434A-8652-F0F329FCBFFE}"
EndProject
Project("{2150E333-8FDC-42A3-9474-1A3956D46DE8}") = "Domain", "Domain", "{5DAA9513-1E1E-4EFE-8944-DDF7BF5BB4C3}"
EndProject
Project("{2150E333-8FDC-42A3-9474-1A3956D46DE8}") = "Application", "Application", "{76383ACD-6D69-4ADE-A020-EB13745AE8E0}"
EndProject
Project("{2150E333-8FDC-42A3-9474-1A3956D46DE8}") = "Data", "Data", "{2CE1F1F6-19B2-4D29-83AD-6D1A72A684A9}"
EndProject
Project("{FAE04EC0-301F-11D3-BF4B-00C04F79EFBC}") = "MicroRabbit.Banking.Api", "MicroRabbit.Banking.Api\MicroRabbit.Banking.Api.csproj", "{CDB7A11A-59B1-4031-87C5-0D70F2256884}"
EndProject
Project("{FAE04EC0-301F-11D3-BF4B-00C04F79EFBC}") = "MicroRabbit.Banking.Application", "MicroRabbit.Banking.Application\MicroRabbit.Banking.Application.csproj", "{B8ECE7DB-BAFF-408C-BE4C-9A3C36BC4C4C}"
EndProject
Project("{FAE04EC0-301F-11D3-BF4B-00C04F79EFBC}") = "MicroRabbit.Banking.Data", "MicroRabbit.Banking.Data\MicroRabbit.Banking.Data.csproj", "{ACE9B834-146E-4E3F-B05C-FB46C851C8E1}"
EndProject
Project("{FAE04EC0-301F-11D3-BF4B-00C04F79EFBC}") = "MicroRabbit.Banking.Domain", "MicroRabbit.Banking.Domain\MicroRabbit.Banking.Domain.csproj", "{1C8C177F-5B30-4E8E-BF9E-4D747EC6CD3F}"
EndProject
Global
	GlobalSection(SolutionConfigurationPlatforms) = preSolution
		Debug|Any CPU = Debug|Any CPU
		Release|Any CPU = Release|Any CPU
	EndGlobalSection
	GlobalSection(ProjectConfigurationPlatforms) = postSolution
		{3397790E-5D47-4827-BF6C-6DB38DB8CA8A}.Debug|Any CPU.ActiveCfg = Debug|Any CPU
		{3397790E-5D47-4827-BF6C-6DB38DB8CA8A}.Debug|Any CPU.Build.0 = Debug|Any CPU
		{3397790E-5D47-4827-BF6C-6DB38DB8CA8A}.Release|Any CPU.ActiveCfg = Release|Any CPU
		{3397790E-5D47-4827-BF6C-6DB38DB8CA8A}.Release|Any CPU.Build.0 = Release|Any CPU
		{DE16DC40-7703-42BB-B07E-EB89DB85E2B6}.Debug|Any CPU.ActiveCfg = Debug|Any CPU
		{DE16DC40-7703-42BB-B07E-EB89DB85E2B6}.Debug|Any CPU.Build.0 = Debug|Any CPU
		{DE16DC40-7703-42BB-B07E-EB89DB85E2B6}.Release|Any CPU.ActiveCfg = Release|Any CPU
		{DE16DC40-7703-42BB-B07E-EB89DB85E2B6}.Release|Any CPU.Build.0 = Release|Any CPU
		{44F26A30-2AA3-4B12-941C-FA39EC839520}.Debug|Any CPU.ActiveCfg = Debug|Any CPU
		{44F26A30-2AA3-4B12-941C-FA39EC839520}.Debug|Any CPU.Build.0 = Debug|Any CPU
		{44F26A30-2AA3-4B12-941C-FA39EC839520}.Release|Any CPU.ActiveCfg = Release|Any CPU
		{44F26A30-2AA3-4B12-941C-FA39EC839520}.Release|Any CPU.Build.0 = Release|Any CPU
		{CDB7A11A-59B1-4031-87C5-0D70F2256884}.Debug|Any CPU.ActiveCfg = Debug|Any CPU
		{CDB7A11A-59B1-4031-87C5-0D70F2256884}.Debug|Any CPU.Build.0 = Debug|Any CPU
		{CDB7A11A-59B1-4031-87C5-0D70F2256884}.Release|Any CPU.ActiveCfg = Release|Any CPU
		{CDB7A11A-59B1-4031-87C5-0D70F2256884}.Release|Any CPU.Build.0 = Release|Any CPU
		{B8ECE7DB-BAFF-408C-BE4C-9A3C36BC4C4C}.Debug|Any CPU.ActiveCfg = Debug|Any CPU
		{B8ECE7DB-BAFF-408C-BE4C-9A3C36BC4C4C}.Debug|Any CPU.Build.0 = Debug|Any CPU
		{B8ECE7DB-BAFF-408C-BE4C-9A3C36BC4C4C}.Release|Any CPU.ActiveCfg = Release|Any CPU
		{B8ECE7DB-BAFF-408C-BE4C-9A3C36BC4C4C}.Release|Any CPU.Build.0 = Release|Any CPU
		{ACE9B834-146E-4E3F-B05C-FB46C851C8E1}.Debug|Any CPU.ActiveCfg = Debug|Any CPU
		{ACE9B834-146E-4E3F-B05C-FB46C851C8E1}.Debug|Any CPU.Build.0 = Debug|Any CPU
		{ACE9B834-146E-4E3F-B05C-FB46C851C8E1}.Release|Any CPU.ActiveCfg = Release|Any CPU
		{ACE9B834-146E-4E3F-B05C-FB46C851C8E1}.Release|Any CPU.Build.0 = Release|Any CPU
		{1C8C177F-5B30-4E8E-BF9E-4D747EC6CD3F}.Debug|Any CPU.ActiveCfg = Debug|Any CPU
		{1C8C177F-5B30-4E8E-BF9E-4D747EC6CD3F}.Debug|Any CPU.Build.0 = Debug|Any CPU
		{1C8C177F-5B30-4E8E-BF9E-4D747EC6CD3F}.Release|Any CPU.ActiveCfg = Release|Any CPU
		{1C8C177F-5B30-4E8E-BF9E-4D747EC6CD3F}.Release|Any CPU.Build.0 = Release|Any CPU
	EndGlobalSection
	GlobalSection(NestedProjects) = preSolution
		{3397790E-5D47-4827-BF6C-6DB38DB8CA8A} = {D96EA907-BEF6-4F06-ADF3-6B4A450546AD}
		{DE16DC40-7703-42BB-B07E-EB89DB85E2B6} = {7A21AC18-9864-444A-A580-C92BEEDB11D8}
		{44F26A30-2AA3-4B12-941C-FA39EC839520} = {A09D78C3-A316-4919-B46E-50F708784F53}
		{4F33E024-9FDE-4E5C-9191-2FFE7B9A85A1} = {2B7438F5-D2A3-428F-966E-641701380054}
		{0DFB0C51-5CA0-434A-8652-F0F329FCBFFE} = {4F33E024-9FDE-4E5C-9191-2FFE7B9A85A1}
		{5DAA9513-1E1E-4EFE-8944-DDF7BF5BB4C3} = {4F33E024-9FDE-4E5C-9191-2FFE7B9A85A1}
		{76383ACD-6D69-4ADE-A020-EB13745AE8E0} = {4F33E024-9FDE-4E5C-9191-2FFE7B9A85A1}
		{2CE1F1F6-19B2-4D29-83AD-6D1A72A684A9} = {4F33E024-9FDE-4E5C-9191-2FFE7B9A85A1}
		{CDB7A11A-59B1-4031-87C5-0D70F2256884} = {0DFB0C51-5CA0-434A-8652-F0F329FCBFFE}
		{B8ECE7DB-BAFF-408C-BE4C-9A3C36BC4C4C} = {76383ACD-6D69-4ADE-A020-EB13745AE8E0}
		{ACE9B834-146E-4E3F-B05C-FB46C851C8E1} = {2CE1F1F6-19B2-4D29-83AD-6D1A72A684A9}
		{1C8C177F-5B30-4E8E-BF9E-4D747EC6CD3F} = {5DAA9513-1E1E-4EFE-8944-DDF7BF5BB4C3}
	EndGlobalSection
EndGlobal
